
Microsoft Visual Studio Solution File, Format Version 12.00
# Visual Studio Version 17
VisualStudioVersion = 17.8.34322.80
MinimumVisualStudioVersion = 10.0.40219.1
Project("{FAE04EC0-301F-11D3-BF4B-00C04F79EFBC}") = "WPFKnjizara", "WPFKnjizara\WPFKnjizara.csproj", "{3D31B67B-700B-4709-A534-853407C3474E}"
EndProject
Global
	GlobalSection(SolutionConfigurationPlatforms) = preSolution
		Debug|Any CPU = Debug|Any CPU
		Release|Any CPU = Release|Any CPU
	EndGlobalSection
	GlobalSection(ProjectConfigurationPlatforms) = postSolution
		{3D31B67B-700B-4709-A534-853407C3474E}.Debug|Any CPU.ActiveCfg = Debug|Any CPU
		{3D31B67B-700B-4709-A534-853407C3474E}.Debug|Any CPU.Build.0 = Debug|Any CPU
		{3D31B67B-700B-4709-A534-853407C3474E}.Release|Any CPU.ActiveCfg = Release|Any CPU
		{3D31B67B-700B-4709-A534-853407C3474E}.Release|Any CPU.Build.0 = Release|Any CPU
	EndGlobalSection
	GlobalSection(SolutionProperties) = preSolution
		HideSolutionNode = FALSE
	EndGlobalSection
	GlobalSection(ExtensibilityGlobals) = postSolution
		SolutionGuid = {4E322CFB-0BC7-406B-8584-5F82B9584E65}
	EndGlobalSection
EndGlobal
